
Microsoft Visual Studio Solution File, Format Version 12.00
# Visual Studio Version 17
VisualStudioVersion = 17.1.31911.260
MinimumVisualStudioVersion = 10.0.40219.1
Project("{2150E333-8FDC-42A3-9474-1A3956D46DE8}") = "source", "source", "{8BB688F8-2B48-4692-9DFC-A199435AB13D}"
EndProject
Project("{2150E333-8FDC-42A3-9474-1A3956D46DE8}") = "tests", "tests", "{DB79735E-A68C-44B2-8EC8-C5D0F4531CEF}"
EndProject
Project("{2150E333-8FDC-42A3-9474-1A3956D46DE8}") = "Solution Items", "Solution Items", "{B51473B4-33BC-47A3-B3D4-C14B5380C047}"
	ProjectSection(SolutionItems) = preProject
		readme.md = readme.md
	EndProjectSection
EndProject
Project("{FAE04EC0-301F-11D3-BF4B-00C04F79EFBC}") = "Alpha", "source\Alpha\Alpha.csproj", "{0287A07B-D291-48ED-BE6F-5E2A66B5E774}"
EndProject
Project("{FAE04EC0-301F-11D3-BF4B-00C04F79EFBC}") = "Beta", "source\Beta\Beta.csproj", "{00020190-70EA-4CC3-B3C1-CBD9720BD7A7}"
EndProject
Project("{2150E333-8FDC-42A3-9474-1A3956D46DE8}") = "Gamma", "Gamma", "{2715BEFA-EFBC-4AF8-966F-2395B8035457}"
EndProject
Project("{FAE04EC0-301F-11D3-BF4B-00C04F79EFBC}") = "Gamma.Abstractions", "source\Gamma\Gamma.Abstractions\Gamma.Abstractions.csproj", "{3F39F3CF-2E4E-4CB0-AFF1-A11658E24EF1}"
EndProject
Project("{FAE04EC0-301F-11D3-BF4B-00C04F79EFBC}") = "Gamma.Testing", "source\Gamma\Gamma.Testing\Gamma.Testing.csproj", "{797C6298-D1FD-4A8A-9E5D-2E8D9475858D}"
EndProject
Project("{2150E333-8FDC-42A3-9474-1A3956D46DE8}") = "Delta", "Delta", "{AF1AE3D3-561D-42EC-B153-CC770C227DBB}"
EndProject
Project("{FAE04EC0-301F-11D3-BF4B-00C04F79EFBC}") = "Delta.Abstractions", "source\Delta\Delta.Abstractions\Delta.Abstractions.csproj", "{9E212B77-D758-418F-AC46-A27BCB816862}"
EndProject
Project("{FAE04EC0-301F-11D3-BF4B-00C04F79EFBC}") = "Delta", "source\Delta\Delta\Delta.csproj", "{57C99307-2260-418F-9B95-6555FD04E1AE}"
EndProject
Project("{FAE04EC0-301F-11D3-BF4B-00C04F79EFBC}") = "Alpha.UnitTests", "tests\Alpha.UnitTests\Alpha.UnitTests.csproj", "{4B6056E0-4839-42B0-89DF-2F5EA3950C1C}"
EndProject
Project("{FAE04EC0-301F-11D3-BF4B-00C04F79EFBC}") = "Alpha.EndToEndTests", "tests\Alpha.EndToEndTests\Alpha.EndToEndTests.csproj", "{B00E2FF9-F1D1-4C1C-A87B-B7FD2E58AF67}"
EndProject
Project("{FAE04EC0-301F-11D3-BF4B-00C04F79EFBC}") = "Beta.UnitTests", "tests\Beta.UnitTests\Beta.UnitTests.csproj", "{7C84590F-C561-4E3C-A57E-A4A0621F41C0}"
EndProject
Project("{2150E333-8FDC-42A3-9474-1A3956D46DE8}") = "Gamma", "Gamma", "{0EE77255-DAB8-4781-8714-F0D8867D85E9}"
EndProject
Project("{FAE04EC0-301F-11D3-BF4B-00C04F79EFBC}") = "Gamma.UnitTests", "tests\Gamma\Gamma.UnitTests\Gamma.UnitTests.csproj", "{D62FD196-62EB-4E87-8772-4B3A813713DA}"
EndProject
Project("{2150E333-8FDC-42A3-9474-1A3956D46DE8}") = "Delta", "Delta", "{C9AFADAC-355A-4350-AED6-7C0EE1B28E29}"
EndProject
Project("{FAE04EC0-301F-11D3-BF4B-00C04F79EFBC}") = "Delta.UnitTests", "tests\Delta\Delta.UnitTests\Delta.UnitTests.csproj", "{682C2102-4263-4457-9A9F-BB833B0EDD01}"
EndProject
Project("{FAE04EC0-301F-11D3-BF4B-00C04F79EFBC}") = "Delta.EndToEndTests", "tests\Delta\Delta.EndToEndTests\Delta.EndToEndTests.csproj", "{18033C99-CD09-40F6-9C9C-2420C459FCDD}"
EndProject
Global
	GlobalSection(SolutionConfigurationPlatforms) = preSolution
		Debug|Any CPU = Debug|Any CPU
		Release|Any CPU = Release|Any CPU
	EndGlobalSection
	GlobalSection(ProjectConfigurationPlatforms) = postSolution
		{0287A07B-D291-48ED-BE6F-5E2A66B5E774}.Debug|Any CPU.ActiveCfg = Debug|Any CPU
		{0287A07B-D291-48ED-BE6F-5E2A66B5E774}.Debug|Any CPU.Build.0 = Debug|Any CPU
		{0287A07B-D291-48ED-BE6F-5E2A66B5E774}.Release|Any CPU.ActiveCfg = Release|Any CPU
		{0287A07B-D291-48ED-BE6F-5E2A66B5E774}.Release|Any CPU.Build.0 = Release|Any CPU
		{00020190-70EA-4CC3-B3C1-CBD9720BD7A7}.Debug|Any CPU.ActiveCfg = Debug|Any CPU
		{00020190-70EA-4CC3-B3C1-CBD9720BD7A7}.Debug|Any CPU.Build.0 = Debug|Any CPU
		{00020190-70EA-4CC3-B3C1-CBD9720BD7A7}.Release|Any CPU.ActiveCfg = Release|Any CPU
		{00020190-70EA-4CC3-B3C1-CBD9720BD7A7}.Release|Any CPU.Build.0 = Release|Any CPU
		{3F39F3CF-2E4E-4CB0-AFF1-A11658E24EF1}.Debug|Any CPU.ActiveCfg = Debug|Any CPU
		{3F39F3CF-2E4E-4CB0-AFF1-A11658E24EF1}.Debug|Any CPU.Build.0 = Debug|Any CPU
		{3F39F3CF-2E4E-4CB0-AFF1-A11658E24EF1}.Release|Any CPU.ActiveCfg = Release|Any CPU
		{3F39F3CF-2E4E-4CB0-AFF1-A11658E24EF1}.Release|Any CPU.Build.0 = Release|Any CPU
		{797C6298-D1FD-4A8A-9E5D-2E8D9475858D}.Debug|Any CPU.ActiveCfg = Debug|Any CPU
		{797C6298-D1FD-4A8A-9E5D-2E8D9475858D}.Debug|Any CPU.Build.0 = Debug|Any CPU
		{797C6298-D1FD-4A8A-9E5D-2E8D9475858D}.Release|Any CPU.ActiveCfg = Release|Any CPU
		{797C6298-D1FD-4A8A-9E5D-2E8D9475858D}.Release|Any CPU.Build.0 = Release|Any CPU
		{9E212B77-D758-418F-AC46-A27BCB816862}.Debug|Any CPU.ActiveCfg = Debug|Any CPU
		{9E212B77-D758-418F-AC46-A27BCB816862}.Debug|Any CPU.Build.0 = Debug|Any CPU
		{9E212B77-D758-418F-AC46-A27BCB816862}.Release|Any CPU.ActiveCfg = Release|Any CPU
		{9E212B77-D758-418F-AC46-A27BCB816862}.Release|Any CPU.Build.0 = Release|Any CPU
		{57C99307-2260-418F-9B95-6555FD04E1AE}.Debug|Any CPU.ActiveCfg = Debug|Any CPU
		{57C99307-2260-418F-9B95-6555FD04E1AE}.Debug|Any CPU.Build.0 = Debug|Any CPU
		{57C99307-2260-418F-9B95-6555FD04E1AE}.Release|Any CPU.ActiveCfg = Release|Any CPU
		{57C99307-2260-418F-9B95-6555FD04E1AE}.Release|Any CPU.Build.0 = Release|Any CPU
		{4B6056E0-4839-42B0-89DF-2F5EA3950C1C}.Debug|Any CPU.ActiveCfg = Debug|Any CPU
		{4B6056E0-4839-42B0-89DF-2F5EA3950C1C}.Debug|Any CPU.Build.0 = Debug|Any CPU
		{4B6056E0-4839-42B0-89DF-2F5EA3950C1C}.Release|Any CPU.ActiveCfg = Release|Any CPU
		{4B6056E0-4839-42B0-89DF-2F5EA3950C1C}.Release|Any CPU.Build.0 = Release|Any CPU
		{B00E2FF9-F1D1-4C1C-A87B-B7FD2E58AF67}.Debug|Any CPU.ActiveCfg = Debug|Any CPU
		{B00E2FF9-F1D1-4C1C-A87B-B7FD2E58AF67}.Debug|Any CPU.Build.0 = Debug|Any CPU
		{B00E2FF9-F1D1-4C1C-A87B-B7FD2E58AF67}.Release|Any CPU.ActiveCfg = Release|Any CPU
		{B00E2FF9-F1D1-4C1C-A87B-B7FD2E58AF67}.Release|Any CPU.Build.0 = Release|Any CPU
		{7C84590F-C561-4E3C-A57E-A4A0621F41C0}.Debug|Any CPU.ActiveCfg = Debug|Any CPU
		{7C84590F-C561-4E3C-A57E-A4A0621F41C0}.Debug|Any CPU.Build.0 = Debug|Any CPU
		{7C84590F-C561-4E3C-A57E-A4A0621F41C0}.Release|Any CPU.ActiveCfg = Release|Any CPU
		{7C84590F-C561-4E3C-A57E-A4A0621F41C0}.Release|Any CPU.Build.0 = Release|Any CPU
		{D62FD196-62EB-4E87-8772-4B3A813713DA}.Debug|Any CPU.ActiveCfg = Debug|Any CPU
		{D62FD196-62EB-4E87-8772-4B3A813713DA}.Debug|Any CPU.Build.0 = Debug|Any CPU
		{D62FD196-62EB-4E87-8772-4B3A813713DA}.Release|Any CPU.ActiveCfg = Release|Any CPU
		{D62FD196-62EB-4E87-8772-4B3A813713DA}.Release|Any CPU.Build.0 = Release|Any CPU
		{682C2102-4263-4457-9A9F-BB833B0EDD01}.Debug|Any CPU.ActiveCfg = Debug|Any CPU
		{682C2102-4263-4457-9A9F-BB833B0EDD01}.Debug|Any CPU.Build.0 = Debug|Any CPU
		{682C2102-4263-4457-9A9F-BB833B0EDD01}.Release|Any CPU.ActiveCfg = Release|Any CPU
		{682C2102-4263-4457-9A9F-BB833B0EDD01}.Release|Any CPU.Build.0 = Release|Any CPU
		{18033C99-CD09-40F6-9C9C-2420C459FCDD}.Debug|Any CPU.ActiveCfg = Debug|Any CPU
		{18033C99-CD09-40F6-9C9C-2420C459FCDD}.Debug|Any CPU.Build.0 = Debug|Any CPU
		{18033C99-CD09-40F6-9C9C-2420C459FCDD}.Release|Any CPU.ActiveCfg = Release|Any CPU
		{18033C99-CD09-40F6-9C9C-2420C459FCDD}.Release|Any CPU.Build.0 = Release|Any CPU
	EndGlobalSection
	GlobalSection(SolutionProperties) = preSolution
		HideSolutionNode = FALSE
	EndGlobalSection
	GlobalSection(NestedProjects) = preSolution
		{0287A07B-D291-48ED-BE6F-5E2A66B5E774} = {8BB688F8-2B48-4692-9DFC-A199435AB13D}
		{00020190-70EA-4CC3-B3C1-CBD9720BD7A7} = {8BB688F8-2B48-4692-9DFC-A199435AB13D}
		{2715BEFA-EFBC-4AF8-966F-2395B8035457} = {8BB688F8-2B48-4692-9DFC-A199435AB13D}
		{3F39F3CF-2E4E-4CB0-AFF1-A11658E24EF1} = {2715BEFA-EFBC-4AF8-966F-2395B8035457}
		{797C6298-D1FD-4A8A-9E5D-2E8D9475858D} = {2715BEFA-EFBC-4AF8-966F-2395B8035457}
		{AF1AE3D3-561D-42EC-B153-CC770C227DBB} = {8BB688F8-2B48-4692-9DFC-A199435AB13D}
		{9E212B77-D758-418F-AC46-A27BCB816862} = {AF1AE3D3-561D-42EC-B153-CC770C227DBB}
		{57C99307-2260-418F-9B95-6555FD04E1AE} = {AF1AE3D3-561D-42EC-B153-CC770C227DBB}
		{4B6056E0-4839-42B0-89DF-2F5EA3950C1C} = {DB79735E-A68C-44B2-8EC8-C5D0F4531CEF}
		{B00E2FF9-F1D1-4C1C-A87B-B7FD2E58AF67} = {DB79735E-A68C-44B2-8EC8-C5D0F4531CEF}
		{7C84590F-C561-4E3C-A57E-A4A0621F41C0} = {DB79735E-A68C-44B2-8EC8-C5D0F4531CEF}
		{0EE77255-DAB8-4781-8714-F0D8867D85E9} = {DB79735E-A68C-44B2-8EC8-C5D0F4531CEF}
		{D62FD196-62EB-4E87-8772-4B3A813713DA} = {0EE77255-DAB8-4781-8714-F0D8867D85E9}
		{C9AFADAC-355A-4350-AED6-7C0EE1B28E29} = {DB79735E-A68C-44B2-8EC8-C5D0F4531CEF}
		{682C2102-4263-4457-9A9F-BB833B0EDD01} = {C9AFADAC-355A-4350-AED6-7C0EE1B28E29}
		{18033C99-CD09-40F6-9C9C-2420C459FCDD} = {C9AFADAC-355A-4350-AED6-7C0EE1B28E29}
	EndGlobalSection
	GlobalSection(ExtensibilityGlobals) = postSolution
		SolutionGuid = {6CBD6CD1-FF35-4928-A5CA-9BD45C3C8BA4}
	EndGlobalSection
EndGlobal
