
Microsoft Visual Studio Solution File, Format Version 12.00
# Visual Studio Version 16
VisualStudioVersion = 16.0.30320.27
MinimumVisualStudioVersion = 10.0.40219.1
Project("{2150E333-8FDC-42A3-9474-1A3956D46DE8}") = "source", "source", "{AF2A7BBF-ADE6-469E-ACA4-502C85745D56}"
	ProjectSection(SolutionItems) = preProject
		readme.md = readme.md
	EndProjectSection
EndProject
Project("{2150E333-8FDC-42A3-9474-1A3956D46DE8}") = "tests", "tests", "{947D71A9-C087-4AA3-BE75-765CBD00B274}"
EndProject
Project("{2150E333-8FDC-42A3-9474-1A3956D46DE8}") = "Solution Items", "Solution Items", "{DF75952B-9EBC-4165-8429-F8815CBE9234}"
	ProjectSection(SolutionItems) = preProject
		config.json = config.json
	EndProjectSection
EndProject
Project("{9A19103F-16F7-4668-BE54-9A1E7A4F7556}") = "Alpha", "Alpha\Alpha.csproj", "{D122B567-9251-4416-B323-BF0BEBF9DE9C}"
EndProject
Project("{778DAE3C-4631-46EA-AA77-85C1314464D9}") = "Beta", "source\Beta\Beta.vbproj", "{450C026E-019C-4A04-8476-4AF4A5A08003}"
EndProject
Project("{9A19103F-16F7-4668-BE54-9A1E7A4F7556}") = "Gamma", "source\Gamma\Gamma.csproj", "{3D0746EF-4F30-4D92-8C93-DFB8E5C1A936}"
EndProject
Project("{6EC3EE1D-3C4E-46DD-8F32-0CC8E7565705}") = "Delta", "source\Delta\Delta.fsproj", "{16F129D1-D437-4A8F-9B40-8480211D42D1}"
EndProject
Project("{9A19103F-16F7-4668-BE54-9A1E7A4F7556}") = "Epsilon", "source\Epsilon\Epsilon.csproj", "{8A3F051A-487D-4CEB-8D5E-2C08EE76C759}"
EndProject
Project("{9A19103F-16F7-4668-BE54-9A1E7A4F7556}") = "Eta", "source\Eta\Eta.csproj", "{77015151-BA57-4F56-B2A8-718D72F55515}"
EndProject
Project("{9A19103F-16F7-4668-BE54-9A1E7A4F7556}") = "Iota", "source\Iota\Iota.csproj", "{995E6BE3-5705-4DBE-AB58-F6C78602EA69}"
EndProject
Project("{9A19103F-16F7-4668-BE54-9A1E7A4F7556}") = "Kappa", "source\Kappa\Kappa.csproj", "{DCB52DB2-B283-414F-B2A1-E856DEFD1A6B}"
EndProject
Project("{9A19103F-16F7-4668-BE54-9A1E7A4F7556}") = "Lambda", "source\Lambda\Lambda.csproj", "{6FF8438B-99D7-42B0-843B-AA064C8E0CFC}"
EndProject
Project("{9A19103F-16F7-4668-BE54-9A1E7A4F7556}") = "Theta", "source\Theta\Theta.csproj", "{2A7AD60F-9B95-431C-A2BC-AED1C63F2493}"
EndProject
Project("{9A19103F-16F7-4668-BE54-9A1E7A4F7556}") = "Zeta", "source\Zeta\Zeta.csproj", "{D59210AC-BE39-413A-AF7B-DEA11C13651C}"
EndProject
Project("{2150E333-8FDC-42A3-9474-1A3956D46DE8}") = "core", "core", "{C46CECDB-EC15-4D26-9F09-947B84513347}"
EndProject
Project("{9A19103F-16F7-4668-BE54-9A1E7A4F7556}") = "Mu", "source\core\Mu\Mu.csproj", "{D4F1C909-9741-4BD0-92E4-7643EDAA545E}"
EndProject
Project("{9A19103F-16F7-4668-BE54-9A1E7A4F7556}") = "Nu", "source\core\Nu\Nu.csproj", "{69EF48B7-93F7-4BB7-9626-5237CD530189}"
EndProject
Project("{9A19103F-16F7-4668-BE54-9A1E7A4F7556}") = "Xi", "source\core\Xi\Xi.csproj", "{AB206D3E-A279-4190-BDC4-9587EB840096}"
EndProject
Project("{2150E333-8FDC-42A3-9474-1A3956D46DE8}") = "tools", "tools", "{8589494D-C8AA-4233-AF4C-B52C18DD1A6F}"
EndProject
Project("{9A19103F-16F7-4668-BE54-9A1E7A4F7556}") = "Rho", "source\tools\Rho\Rho.csproj", "{26750392-B0E0-407F-97F6-806169CFD26D}"
EndProject
Project("{9A19103F-16F7-4668-BE54-9A1E7A4F7556}") = "Sigma", "source\tools\Sigma\Sigma.csproj", "{303B3660-4D3C-41D9-9271-69DDCF416F26}"
EndProject
Project("{9A19103F-16F7-4668-BE54-9A1E7A4F7556}") = "Sigma.Abstractions", "source\tools\Sigma.Abstractions\Sigma.Abstractions.csproj", "{CB8BE779-17F1-4C4E-B6F8-BB3B2454D050}"
EndProject
Project("{2150E333-8FDC-42A3-9474-1A3956D46DE8}") = "utilities", "utilities", "{D7222EBC-D27C-4315-A1D1-0B38A155152F}"
EndProject
Project("{2150E333-8FDC-42A3-9474-1A3956D46DE8}") = "support", "support", "{D6E51755-CAB2-41CB-8AFE-4F6A628A7F0E}"
EndProject
Project("{9A19103F-16F7-4668-BE54-9A1E7A4F7556}") = "Psi", "source\utilities\Psi\Psi.csproj", "{38FC5496-5AF4-4961-BF56-0E39A36D7BBE}"
EndProject
Project("{9A19103F-16F7-4668-BE54-9A1E7A4F7556}") = "Sigma", "source\utilities\Sigma\Sigma.csproj", "{90EC5298-8191-4D93-B09B-A57FC3EA3BEF}"
EndProject
Project("{9A19103F-16F7-4668-BE54-9A1E7A4F7556}") = "Tau", "source\utilities\Tau\Tau.csproj", "{FF8AD379-156D-4B58-94F2-F518BD2F22AD}"
EndProject
Project("{9A19103F-16F7-4668-BE54-9A1E7A4F7556}") = "Upsilon", "source\utilities\Upsilon\Upsilon.csproj", "{4B8A6CB4-40C3-417E-BC4E-214BCF75D488}"
EndProject
Project("{9A19103F-16F7-4668-BE54-9A1E7A4F7556}") = "Chi", "source\utilities\support\Chi\Chi.csproj", "{6FB103BA-75B3-4D1A-A0DF-253AC0BB2651}"
EndProject
Project("{9A19103F-16F7-4668-BE54-9A1E7A4F7556}") = "Omega", "source\utilities\support\Omega\Omega.csproj", "{B7D48518-26F3-45E4-8FDD-5FCD35C9C9AC}"
EndProject
Project("{9A19103F-16F7-4668-BE54-9A1E7A4F7556}") = "Phi", "source\utilities\support\Phi\Phi.csproj", "{F157413B-BD0A-4BBE-9E3E-A89FC55E4EEF}"
EndProject
Project("{9A19103F-16F7-4668-BE54-9A1E7A4F7556}") = "Alpha.UnitTests", "Alpha.UnitTests\Alpha.UnitTests.csproj", "{FD012540-612E-4FD9-B756-F7206B59199A}"
EndProject
Project("{778DAE3C-4631-46EA-AA77-85C1314464D9}") = "Beta.UnitTests", "tests\Beta.UnitTests\Beta.UnitTests.vbproj", "{4A9E69DB-0785-41B7-B1E3-DEDA0B00FBD7}"
EndProject
Project("{9A19103F-16F7-4668-BE54-9A1E7A4F7556}") = "Gamma.UnitTests", "tests\Gamma.UnitTests\Gamma.UnitTests.csproj", "{FF308223-0F3E-42B6-A776-3E23A0DE6799}"
EndProject
Project("{6EC3EE1D-3C4E-46DD-8F32-0CC8E7565705}") = "Delta.UnitTests", "tests\Delta.UnitTests\Delta.UnitTests.fsproj", "{B3A8778C-99F7-4678-BBFC-19DC53361E24}"
EndProject
Project("{9A19103F-16F7-4668-BE54-9A1E7A4F7556}") = "Epsilon.UnitTests", "tests\Epsilon.UnitTests\Epsilon.UnitTests.csproj", "{3ED12425-BDE8-4531-B9CF-522446C8D1DD}"
EndProject
Project("{9A19103F-16F7-4668-BE54-9A1E7A4F7556}") = "Eta.UnitTests", "tests\Eta.UnitTests\Eta.UnitTests.csproj", "{619D5522-A63D-4F20-8B58-3C36DB32D587}"
EndProject
Project("{9A19103F-16F7-4668-BE54-9A1E7A4F7556}") = "Iota.UnitTests", "tests\Iota.UnitTests\Iota.UnitTests.csproj", "{667F4FF3-9964-4BA2-AA21-7B66A2E42662}"
EndProject
Project("{9A19103F-16F7-4668-BE54-9A1E7A4F7556}") = "Kappa.UnitTests", "tests\Kappa.UnitTests\Kappa.UnitTests.csproj", "{F7FD8B23-9797-4D1A-8B60-A5A8E706AEEA}"
EndProject
Project("{9A19103F-16F7-4668-BE54-9A1E7A4F7556}") = "Lambda.UnitTests", "tests\Lambda.UnitTests\Lambda.UnitTests.csproj", "{477FE285-CDE8-42E2-9D2A-D4BC86BA68B2}"
EndProject
Project("{9A19103F-16F7-4668-BE54-9A1E7A4F7556}") = "Theta.UnitTests", "tests\Theta.UnitTests\Theta.UnitTests.csproj", "{504672E9-C098-4122-B471-B3EC4D4FD21D}"
EndProject
Project("{9A19103F-16F7-4668-BE54-9A1E7A4F7556}") = "Zeta.UnitTests", "tests\Zeta.UnitTests\Zeta.UnitTests.csproj", "{C1546FFF-42A2-42EA-BC15-7C28A29853CE}"
EndProject
Project("{2150E333-8FDC-42A3-9474-1A3956D46DE8}") = "core", "core", "{078B1A39-85F0-45CF-B7B2-9D790A2A09FF}"
EndProject
Project("{2150E333-8FDC-42A3-9474-1A3956D46DE8}") = "tools", "tools", "{4A7E755A-D32A-43CF-9435-5E2164EC9F26}"
EndProject
Project("{2150E333-8FDC-42A3-9474-1A3956D46DE8}") = "utilities", "utilities", "{FAC1708C-AE40-453F-BB21-B25445FE1573}"
EndProject
Project("{9A19103F-16F7-4668-BE54-9A1E7A4F7556}") = "Mu.UnitTests", "tests\core\Mu.UnitTests\Mu.UnitTests.csproj", "{1716AFD7-522F-461F-8C41-09B2C8D14446}"
EndProject
Project("{9A19103F-16F7-4668-BE54-9A1E7A4F7556}") = "Nu.UnitTests", "tests\core\Nu.UnitTests\Nu.UnitTests.csproj", "{DC38CECF-50D5-4065-B707-F639E64EBC27}"
EndProject
Project("{9A19103F-16F7-4668-BE54-9A1E7A4F7556}") = "Xi.UnitTests", "tests\core\Xi.UnitTests\Xi.UnitTests.csproj", "{EAFC379A-6D8C-4D83-A18A-2A8D12C44CAA}"
EndProject
Project("{9A19103F-16F7-4668-BE54-9A1E7A4F7556}") = "Rho.UnitTests", "tests\tools\Rho.UnitTests\Rho.UnitTests.csproj", "{4F2A7CD7-FDF7-49AA-A7FA-2F2AFC60CF6B}"
EndProject
Project("{9A19103F-16F7-4668-BE54-9A1E7A4F7556}") = "Sigma.UnitTests", "tests\tools\Sigma.UnitTests\Sigma.UnitTests.csproj", "{493486E4-BBAA-43FC-B1C5-F382FE39D1DA}"
EndProject
Project("{9A19103F-16F7-4668-BE54-9A1E7A4F7556}") = "Psi.UnitTests", "tests\utilities\Psi.UnitTests\Psi.UnitTests.csproj", "{7B352893-528A-44CD-94DB-934DEA118A0E}"
EndProject
Project("{9A19103F-16F7-4668-BE54-9A1E7A4F7556}") = "Sigma.UnitTests", "tests\utilities\Sigma.UnitTests\Sigma.UnitTests.csproj", "{6AA5C011-E72E-4545-BA7B-F7F1643072B6}"
EndProject
Project("{9A19103F-16F7-4668-BE54-9A1E7A4F7556}") = "Tau.UnitTests", "tests\utilities\Tau.UnitTests\Tau.UnitTests.csproj", "{CE5D88B2-041F-4F32-82CA-12A9C677EDD0}"
EndProject
Project("{9A19103F-16F7-4668-BE54-9A1E7A4F7556}") = "Upsilon.UnitTests", "tests\utilities\Upsilon.UnitTests\Upsilon.UnitTests.csproj", "{8815653D-7D58-4197-BD29-CE3CDFD33403}"
EndProject
Project("{2150E333-8FDC-42A3-9474-1A3956D46DE8}") = "support", "support", "{122608FE-6D39-486A-A281-D1B8678F2BB6}"
EndProject
Project("{9A19103F-16F7-4668-BE54-9A1E7A4F7556}") = "Chi.UnitTests", "tests\utilities\support\Chi.UnitTests\Chi.UnitTests.csproj", "{0BDA520B-BD91-49CC-90E4-864D4A6EBF10}"
EndProject
Project("{9A19103F-16F7-4668-BE54-9A1E7A4F7556}") = "Omega.UnitTests", "tests\utilities\support\Omega.UnitTests\Omega.UnitTests.csproj", "{13F5B808-24F7-43F6-8DF1-066E146A8CE3}"
EndProject
Project("{9A19103F-16F7-4668-BE54-9A1E7A4F7556}") = "Phi.UnitTests", "tests\utilities\support\Phi.UnitTests\Phi.UnitTests.csproj", "{97887AFD-CDE1-4639-8489-7583A8E377BF}"
EndProject
Global
	GlobalSection(SolutionConfigurationPlatforms) = preSolution
		Debug|Any CPU = Debug|Any CPU
		Release|Any CPU = Release|Any CPU
	EndGlobalSection
	GlobalSection(ProjectConfigurationPlatforms) = postSolution
		{D122B567-9251-4416-B323-BF0BEBF9DE9C}.Debug|Any CPU.ActiveCfg = Debug|Any CPU
		{D122B567-9251-4416-B323-BF0BEBF9DE9C}.Debug|Any CPU.Build.0 = Debug|Any CPU
		{D122B567-9251-4416-B323-BF0BEBF9DE9C}.Release|Any CPU.ActiveCfg = Release|Any CPU
		{D122B567-9251-4416-B323-BF0BEBF9DE9C}.Release|Any CPU.Build.0 = Release|Any CPU
		{450C026E-019C-4A04-8476-4AF4A5A08003}.Debug|Any CPU.ActiveCfg = Debug|Any CPU
		{450C026E-019C-4A04-8476-4AF4A5A08003}.Debug|Any CPU.Build.0 = Debug|Any CPU
		{450C026E-019C-4A04-8476-4AF4A5A08003}.Release|Any CPU.ActiveCfg = Release|Any CPU
		{450C026E-019C-4A04-8476-4AF4A5A08003}.Release|Any CPU.Build.0 = Release|Any CPU
		{3D0746EF-4F30-4D92-8C93-DFB8E5C1A936}.Debug|Any CPU.ActiveCfg = Debug|Any CPU
		{3D0746EF-4F30-4D92-8C93-DFB8E5C1A936}.Debug|Any CPU.Build.0 = Debug|Any CPU
		{3D0746EF-4F30-4D92-8C93-DFB8E5C1A936}.Release|Any CPU.ActiveCfg = Release|Any CPU
		{3D0746EF-4F30-4D92-8C93-DFB8E5C1A936}.Release|Any CPU.Build.0 = Release|Any CPU
		{16F129D1-D437-4A8F-9B40-8480211D42D1}.Debug|Any CPU.ActiveCfg = Debug|Any CPU
		{16F129D1-D437-4A8F-9B40-8480211D42D1}.Debug|Any CPU.Build.0 = Debug|Any CPU
		{16F129D1-D437-4A8F-9B40-8480211D42D1}.Release|Any CPU.ActiveCfg = Release|Any CPU
		{16F129D1-D437-4A8F-9B40-8480211D42D1}.Release|Any CPU.Build.0 = Release|Any CPU
		{8A3F051A-487D-4CEB-8D5E-2C08EE76C759}.Debug|Any CPU.ActiveCfg = Debug|Any CPU
		{8A3F051A-487D-4CEB-8D5E-2C08EE76C759}.Debug|Any CPU.Build.0 = Debug|Any CPU
		{8A3F051A-487D-4CEB-8D5E-2C08EE76C759}.Release|Any CPU.ActiveCfg = Release|Any CPU
		{8A3F051A-487D-4CEB-8D5E-2C08EE76C759}.Release|Any CPU.Build.0 = Release|Any CPU
		{77015151-BA57-4F56-B2A8-718D72F55515}.Debug|Any CPU.ActiveCfg = Debug|Any CPU
		{77015151-BA57-4F56-B2A8-718D72F55515}.Debug|Any CPU.Build.0 = Debug|Any CPU
		{77015151-BA57-4F56-B2A8-718D72F55515}.Release|Any CPU.ActiveCfg = Release|Any CPU
		{77015151-BA57-4F56-B2A8-718D72F55515}.Release|Any CPU.Build.0 = Release|Any CPU
		{995E6BE3-5705-4DBE-AB58-F6C78602EA69}.Debug|Any CPU.ActiveCfg = Debug|Any CPU
		{995E6BE3-5705-4DBE-AB58-F6C78602EA69}.Debug|Any CPU.Build.0 = Debug|Any CPU
		{995E6BE3-5705-4DBE-AB58-F6C78602EA69}.Release|Any CPU.ActiveCfg = Release|Any CPU
		{995E6BE3-5705-4DBE-AB58-F6C78602EA69}.Release|Any CPU.Build.0 = Release|Any CPU
		{DCB52DB2-B283-414F-B2A1-E856DEFD1A6B}.Debug|Any CPU.ActiveCfg = Debug|Any CPU
		{DCB52DB2-B283-414F-B2A1-E856DEFD1A6B}.Debug|Any CPU.Build.0 = Debug|Any CPU
		{DCB52DB2-B283-414F-B2A1-E856DEFD1A6B}.Release|Any CPU.ActiveCfg = Release|Any CPU
		{DCB52DB2-B283-414F-B2A1-E856DEFD1A6B}.Release|Any CPU.Build.0 = Release|Any CPU
		{6FF8438B-99D7-42B0-843B-AA064C8E0CFC}.Debug|Any CPU.ActiveCfg = Debug|Any CPU
		{6FF8438B-99D7-42B0-843B-AA064C8E0CFC}.Debug|Any CPU.Build.0 = Debug|Any CPU
		{6FF8438B-99D7-42B0-843B-AA064C8E0CFC}.Release|Any CPU.ActiveCfg = Release|Any CPU
		{6FF8438B-99D7-42B0-843B-AA064C8E0CFC}.Release|Any CPU.Build.0 = Release|Any CPU
		{2A7AD60F-9B95-431C-A2BC-AED1C63F2493}.Debug|Any CPU.ActiveCfg = Debug|Any CPU
		{2A7AD60F-9B95-431C-A2BC-AED1C63F2493}.Debug|Any CPU.Build.0 = Debug|Any CPU
		{2A7AD60F-9B95-431C-A2BC-AED1C63F2493}.Release|Any CPU.ActiveCfg = Release|Any CPU
		{2A7AD60F-9B95-431C-A2BC-AED1C63F2493}.Release|Any CPU.Build.0 = Release|Any CPU
		{D59210AC-BE39-413A-AF7B-DEA11C13651C}.Debug|Any CPU.ActiveCfg = Debug|Any CPU
		{D59210AC-BE39-413A-AF7B-DEA11C13651C}.Debug|Any CPU.Build.0 = Debug|Any CPU
		{D59210AC-BE39-413A-AF7B-DEA11C13651C}.Release|Any CPU.ActiveCfg = Release|Any CPU
		{D59210AC-BE39-413A-AF7B-DEA11C13651C}.Release|Any CPU.Build.0 = Release|Any CPU
		{D4F1C909-9741-4BD0-92E4-7643EDAA545E}.Debug|Any CPU.ActiveCfg = Debug|Any CPU
		{D4F1C909-9741-4BD0-92E4-7643EDAA545E}.Debug|Any CPU.Build.0 = Debug|Any CPU
		{D4F1C909-9741-4BD0-92E4-7643EDAA545E}.Release|Any CPU.ActiveCfg = Release|Any CPU
		{D4F1C909-9741-4BD0-92E4-7643EDAA545E}.Release|Any CPU.Build.0 = Release|Any CPU
		{69EF48B7-93F7-4BB7-9626-5237CD530189}.Debug|Any CPU.ActiveCfg = Debug|Any CPU
		{69EF48B7-93F7-4BB7-9626-5237CD530189}.Debug|Any CPU.Build.0 = Debug|Any CPU
		{69EF48B7-93F7-4BB7-9626-5237CD530189}.Release|Any CPU.ActiveCfg = Release|Any CPU
		{69EF48B7-93F7-4BB7-9626-5237CD530189}.Release|Any CPU.Build.0 = Release|Any CPU
		{AB206D3E-A279-4190-BDC4-9587EB840096}.Debug|Any CPU.ActiveCfg = Debug|Any CPU
		{AB206D3E-A279-4190-BDC4-9587EB840096}.Debug|Any CPU.Build.0 = Debug|Any CPU
		{AB206D3E-A279-4190-BDC4-9587EB840096}.Release|Any CPU.ActiveCfg = Release|Any CPU
		{AB206D3E-A279-4190-BDC4-9587EB840096}.Release|Any CPU.Build.0 = Release|Any CPU
		{26750392-B0E0-407F-97F6-806169CFD26D}.Debug|Any CPU.ActiveCfg = Debug|Any CPU
		{26750392-B0E0-407F-97F6-806169CFD26D}.Debug|Any CPU.Build.0 = Debug|Any CPU
		{26750392-B0E0-407F-97F6-806169CFD26D}.Release|Any CPU.ActiveCfg = Release|Any CPU
		{26750392-B0E0-407F-97F6-806169CFD26D}.Release|Any CPU.Build.0 = Release|Any CPU
		{303B3660-4D3C-41D9-9271-69DDCF416F26}.Debug|Any CPU.ActiveCfg = Debug|Any CPU
		{303B3660-4D3C-41D9-9271-69DDCF416F26}.Debug|Any CPU.Build.0 = Debug|Any CPU
		{303B3660-4D3C-41D9-9271-69DDCF416F26}.Release|Any CPU.ActiveCfg = Release|Any CPU
		{303B3660-4D3C-41D9-9271-69DDCF416F26}.Release|Any CPU.Build.0 = Release|Any CPU
		{CB8BE779-17F1-4C4E-B6F8-BB3B2454D050}.Debug|Any CPU.ActiveCfg = Debug|Any CPU
		{CB8BE779-17F1-4C4E-B6F8-BB3B2454D050}.Debug|Any CPU.Build.0 = Debug|Any CPU
		{CB8BE779-17F1-4C4E-B6F8-BB3B2454D050}.Release|Any CPU.ActiveCfg = Release|Any CPU
		{CB8BE779-17F1-4C4E-B6F8-BB3B2454D050}.Release|Any CPU.Build.0 = Release|Any CPU
		{38FC5496-5AF4-4961-BF56-0E39A36D7BBE}.Debug|Any CPU.ActiveCfg = Debug|Any CPU
		{38FC5496-5AF4-4961-BF56-0E39A36D7BBE}.Debug|Any CPU.Build.0 = Debug|Any CPU
		{38FC5496-5AF4-4961-BF56-0E39A36D7BBE}.Release|Any CPU.ActiveCfg = Release|Any CPU
		{38FC5496-5AF4-4961-BF56-0E39A36D7BBE}.Release|Any CPU.Build.0 = Release|Any CPU
		{90EC5298-8191-4D93-B09B-A57FC3EA3BEF}.Debug|Any CPU.ActiveCfg = Debug|Any CPU
		{90EC5298-8191-4D93-B09B-A57FC3EA3BEF}.Debug|Any CPU.Build.0 = Debug|Any CPU
		{90EC5298-8191-4D93-B09B-A57FC3EA3BEF}.Release|Any CPU.ActiveCfg = Release|Any CPU
		{90EC5298-8191-4D93-B09B-A57FC3EA3BEF}.Release|Any CPU.Build.0 = Release|Any CPU
		{FF8AD379-156D-4B58-94F2-F518BD2F22AD}.Debug|Any CPU.ActiveCfg = Debug|Any CPU
		{FF8AD379-156D-4B58-94F2-F518BD2F22AD}.Debug|Any CPU.Build.0 = Debug|Any CPU
		{FF8AD379-156D-4B58-94F2-F518BD2F22AD}.Release|Any CPU.ActiveCfg = Release|Any CPU
		{FF8AD379-156D-4B58-94F2-F518BD2F22AD}.Release|Any CPU.Build.0 = Release|Any CPU
		{4B8A6CB4-40C3-417E-BC4E-214BCF75D488}.Debug|Any CPU.ActiveCfg = Debug|Any CPU
		{4B8A6CB4-40C3-417E-BC4E-214BCF75D488}.Debug|Any CPU.Build.0 = Debug|Any CPU
		{4B8A6CB4-40C3-417E-BC4E-214BCF75D488}.Release|Any CPU.ActiveCfg = Release|Any CPU
		{4B8A6CB4-40C3-417E-BC4E-214BCF75D488}.Release|Any CPU.Build.0 = Release|Any CPU
		{6FB103BA-75B3-4D1A-A0DF-253AC0BB2651}.Debug|Any CPU.ActiveCfg = Debug|Any CPU
		{6FB103BA-75B3-4D1A-A0DF-253AC0BB2651}.Debug|Any CPU.Build.0 = Debug|Any CPU
		{6FB103BA-75B3-4D1A-A0DF-253AC0BB2651}.Release|Any CPU.ActiveCfg = Release|Any CPU
		{6FB103BA-75B3-4D1A-A0DF-253AC0BB2651}.Release|Any CPU.Build.0 = Release|Any CPU
		{B7D48518-26F3-45E4-8FDD-5FCD35C9C9AC}.Debug|Any CPU.ActiveCfg = Debug|Any CPU
		{B7D48518-26F3-45E4-8FDD-5FCD35C9C9AC}.Debug|Any CPU.Build.0 = Debug|Any CPU
		{B7D48518-26F3-45E4-8FDD-5FCD35C9C9AC}.Release|Any CPU.ActiveCfg = Release|Any CPU
		{B7D48518-26F3-45E4-8FDD-5FCD35C9C9AC}.Release|Any CPU.Build.0 = Release|Any CPU
		{F157413B-BD0A-4BBE-9E3E-A89FC55E4EEF}.Debug|Any CPU.ActiveCfg = Debug|Any CPU
		{F157413B-BD0A-4BBE-9E3E-A89FC55E4EEF}.Debug|Any CPU.Build.0 = Debug|Any CPU
		{F157413B-BD0A-4BBE-9E3E-A89FC55E4EEF}.Release|Any CPU.ActiveCfg = Release|Any CPU
		{F157413B-BD0A-4BBE-9E3E-A89FC55E4EEF}.Release|Any CPU.Build.0 = Release|Any CPU
		{FD012540-612E-4FD9-B756-F7206B59199A}.Debug|Any CPU.ActiveCfg = Debug|Any CPU
		{FD012540-612E-4FD9-B756-F7206B59199A}.Debug|Any CPU.Build.0 = Debug|Any CPU
		{FD012540-612E-4FD9-B756-F7206B59199A}.Release|Any CPU.ActiveCfg = Release|Any CPU
		{FD012540-612E-4FD9-B756-F7206B59199A}.Release|Any CPU.Build.0 = Release|Any CPU
		{4A9E69DB-0785-41B7-B1E3-DEDA0B00FBD7}.Debug|Any CPU.ActiveCfg = Debug|Any CPU
		{4A9E69DB-0785-41B7-B1E3-DEDA0B00FBD7}.Debug|Any CPU.Build.0 = Debug|Any CPU
		{4A9E69DB-0785-41B7-B1E3-DEDA0B00FBD7}.Release|Any CPU.ActiveCfg = Release|Any CPU
		{4A9E69DB-0785-41B7-B1E3-DEDA0B00FBD7}.Release|Any CPU.Build.0 = Release|Any CPU
		{FF308223-0F3E-42B6-A776-3E23A0DE6799}.Debug|Any CPU.ActiveCfg = Debug|Any CPU
		{FF308223-0F3E-42B6-A776-3E23A0DE6799}.Debug|Any CPU.Build.0 = Debug|Any CPU
		{FF308223-0F3E-42B6-A776-3E23A0DE6799}.Release|Any CPU.ActiveCfg = Release|Any CPU
		{FF308223-0F3E-42B6-A776-3E23A0DE6799}.Release|Any CPU.Build.0 = Release|Any CPU
		{B3A8778C-99F7-4678-BBFC-19DC53361E24}.Debug|Any CPU.ActiveCfg = Debug|Any CPU
		{B3A8778C-99F7-4678-BBFC-19DC53361E24}.Debug|Any CPU.Build.0 = Debug|Any CPU
		{B3A8778C-99F7-4678-BBFC-19DC53361E24}.Release|Any CPU.ActiveCfg = Release|Any CPU
		{B3A8778C-99F7-4678-BBFC-19DC53361E24}.Release|Any CPU.Build.0 = Release|Any CPU
		{3ED12425-BDE8-4531-B9CF-522446C8D1DD}.Debug|Any CPU.ActiveCfg = Debug|Any CPU
		{3ED12425-BDE8-4531-B9CF-522446C8D1DD}.Debug|Any CPU.Build.0 = Debug|Any CPU
		{3ED12425-BDE8-4531-B9CF-522446C8D1DD}.Release|Any CPU.ActiveCfg = Release|Any CPU
		{3ED12425-BDE8-4531-B9CF-522446C8D1DD}.Release|Any CPU.Build.0 = Release|Any CPU
		{619D5522-A63D-4F20-8B58-3C36DB32D587}.Debug|Any CPU.ActiveCfg = Debug|Any CPU
		{619D5522-A63D-4F20-8B58-3C36DB32D587}.Debug|Any CPU.Build.0 = Debug|Any CPU
		{619D5522-A63D-4F20-8B58-3C36DB32D587}.Release|Any CPU.ActiveCfg = Release|Any CPU
		{619D5522-A63D-4F20-8B58-3C36DB32D587}.Release|Any CPU.Build.0 = Release|Any CPU
		{667F4FF3-9964-4BA2-AA21-7B66A2E42662}.Debug|Any CPU.ActiveCfg = Debug|Any CPU
		{667F4FF3-9964-4BA2-AA21-7B66A2E42662}.Debug|Any CPU.Build.0 = Debug|Any CPU
		{667F4FF3-9964-4BA2-AA21-7B66A2E42662}.Release|Any CPU.ActiveCfg = Release|Any CPU
		{667F4FF3-9964-4BA2-AA21-7B66A2E42662}.Release|Any CPU.Build.0 = Release|Any CPU
		{F7FD8B23-9797-4D1A-8B60-A5A8E706AEEA}.Debug|Any CPU.ActiveCfg = Debug|Any CPU
		{F7FD8B23-9797-4D1A-8B60-A5A8E706AEEA}.Debug|Any CPU.Build.0 = Debug|Any CPU
		{F7FD8B23-9797-4D1A-8B60-A5A8E706AEEA}.Release|Any CPU.ActiveCfg = Release|Any CPU
		{F7FD8B23-9797-4D1A-8B60-A5A8E706AEEA}.Release|Any CPU.Build.0 = Release|Any CPU
		{477FE285-CDE8-42E2-9D2A-D4BC86BA68B2}.Debug|Any CPU.ActiveCfg = Debug|Any CPU
		{477FE285-CDE8-42E2-9D2A-D4BC86BA68B2}.Debug|Any CPU.Build.0 = Debug|Any CPU
		{477FE285-CDE8-42E2-9D2A-D4BC86BA68B2}.Release|Any CPU.ActiveCfg = Release|Any CPU
		{477FE285-CDE8-42E2-9D2A-D4BC86BA68B2}.Release|Any CPU.Build.0 = Release|Any CPU
		{504672E9-C098-4122-B471-B3EC4D4FD21D}.Debug|Any CPU.ActiveCfg = Debug|Any CPU
		{504672E9-C098-4122-B471-B3EC4D4FD21D}.Debug|Any CPU.Build.0 = Debug|Any CPU
		{504672E9-C098-4122-B471-B3EC4D4FD21D}.Release|Any CPU.ActiveCfg = Release|Any CPU
		{504672E9-C098-4122-B471-B3EC4D4FD21D}.Release|Any CPU.Build.0 = Release|Any CPU
		{C1546FFF-42A2-42EA-BC15-7C28A29853CE}.Debug|Any CPU.ActiveCfg = Debug|Any CPU
		{C1546FFF-42A2-42EA-BC15-7C28A29853CE}.Debug|Any CPU.Build.0 = Debug|Any CPU
		{C1546FFF-42A2-42EA-BC15-7C28A29853CE}.Release|Any CPU.ActiveCfg = Release|Any CPU
		{C1546FFF-42A2-42EA-BC15-7C28A29853CE}.Release|Any CPU.Build.0 = Release|Any CPU
		{1716AFD7-522F-461F-8C41-09B2C8D14446}.Debug|Any CPU.ActiveCfg = Debug|Any CPU
		{1716AFD7-522F-461F-8C41-09B2C8D14446}.Debug|Any CPU.Build.0 = Debug|Any CPU
		{1716AFD7-522F-461F-8C41-09B2C8D14446}.Release|Any CPU.ActiveCfg = Release|Any CPU
		{1716AFD7-522F-461F-8C41-09B2C8D14446}.Release|Any CPU.Build.0 = Release|Any CPU
		{DC38CECF-50D5-4065-B707-F639E64EBC27}.Debug|Any CPU.ActiveCfg = Debug|Any CPU
		{DC38CECF-50D5-4065-B707-F639E64EBC27}.Debug|Any CPU.Build.0 = Debug|Any CPU
		{DC38CECF-50D5-4065-B707-F639E64EBC27}.Release|Any CPU.ActiveCfg = Release|Any CPU
		{DC38CECF-50D5-4065-B707-F639E64EBC27}.Release|Any CPU.Build.0 = Release|Any CPU
		{EAFC379A-6D8C-4D83-A18A-2A8D12C44CAA}.Debug|Any CPU.ActiveCfg = Debug|Any CPU
		{EAFC379A-6D8C-4D83-A18A-2A8D12C44CAA}.Debug|Any CPU.Build.0 = Debug|Any CPU
		{EAFC379A-6D8C-4D83-A18A-2A8D12C44CAA}.Release|Any CPU.ActiveCfg = Release|Any CPU
		{EAFC379A-6D8C-4D83-A18A-2A8D12C44CAA}.Release|Any CPU.Build.0 = Release|Any CPU
		{4F2A7CD7-FDF7-49AA-A7FA-2F2AFC60CF6B}.Debug|Any CPU.ActiveCfg = Debug|Any CPU
		{4F2A7CD7-FDF7-49AA-A7FA-2F2AFC60CF6B}.Debug|Any CPU.Build.0 = Debug|Any CPU
		{4F2A7CD7-FDF7-49AA-A7FA-2F2AFC60CF6B}.Release|Any CPU.ActiveCfg = Release|Any CPU
		{4F2A7CD7-FDF7-49AA-A7FA-2F2AFC60CF6B}.Release|Any CPU.Build.0 = Release|Any CPU
		{493486E4-BBAA-43FC-B1C5-F382FE39D1DA}.Debug|Any CPU.ActiveCfg = Debug|Any CPU
		{493486E4-BBAA-43FC-B1C5-F382FE39D1DA}.Debug|Any CPU.Build.0 = Debug|Any CPU
		{493486E4-BBAA-43FC-B1C5-F382FE39D1DA}.Release|Any CPU.ActiveCfg = Release|Any CPU
		{493486E4-BBAA-43FC-B1C5-F382FE39D1DA}.Release|Any CPU.Build.0 = Release|Any CPU
		{7B352893-528A-44CD-94DB-934DEA118A0E}.Debug|Any CPU.ActiveCfg = Debug|Any CPU
		{7B352893-528A-44CD-94DB-934DEA118A0E}.Debug|Any CPU.Build.0 = Debug|Any CPU
		{7B352893-528A-44CD-94DB-934DEA118A0E}.Release|Any CPU.ActiveCfg = Release|Any CPU
		{7B352893-528A-44CD-94DB-934DEA118A0E}.Release|Any CPU.Build.0 = Release|Any CPU
		{6AA5C011-E72E-4545-BA7B-F7F1643072B6}.Debug|Any CPU.ActiveCfg = Debug|Any CPU
		{6AA5C011-E72E-4545-BA7B-F7F1643072B6}.Debug|Any CPU.Build.0 = Debug|Any CPU
		{6AA5C011-E72E-4545-BA7B-F7F1643072B6}.Release|Any CPU.ActiveCfg = Release|Any CPU
		{6AA5C011-E72E-4545-BA7B-F7F1643072B6}.Release|Any CPU.Build.0 = Release|Any CPU
		{CE5D88B2-041F-4F32-82CA-12A9C677EDD0}.Debug|Any CPU.ActiveCfg = Debug|Any CPU
		{CE5D88B2-041F-4F32-82CA-12A9C677EDD0}.Debug|Any CPU.Build.0 = Debug|Any CPU
		{CE5D88B2-041F-4F32-82CA-12A9C677EDD0}.Release|Any CPU.ActiveCfg = Release|Any CPU
		{CE5D88B2-041F-4F32-82CA-12A9C677EDD0}.Release|Any CPU.Build.0 = Release|Any CPU
		{8815653D-7D58-4197-BD29-CE3CDFD33403}.Debug|Any CPU.ActiveCfg = Debug|Any CPU
		{8815653D-7D58-4197-BD29-CE3CDFD33403}.Debug|Any CPU.Build.0 = Debug|Any CPU
		{8815653D-7D58-4197-BD29-CE3CDFD33403}.Release|Any CPU.ActiveCfg = Release|Any CPU
		{8815653D-7D58-4197-BD29-CE3CDFD33403}.Release|Any CPU.Build.0 = Release|Any CPU
		{0BDA520B-BD91-49CC-90E4-864D4A6EBF10}.Debug|Any CPU.ActiveCfg = Debug|Any CPU
		{0BDA520B-BD91-49CC-90E4-864D4A6EBF10}.Debug|Any CPU.Build.0 = Debug|Any CPU
		{0BDA520B-BD91-49CC-90E4-864D4A6EBF10}.Release|Any CPU.ActiveCfg = Release|Any CPU
		{0BDA520B-BD91-49CC-90E4-864D4A6EBF10}.Release|Any CPU.Build.0 = Release|Any CPU
		{13F5B808-24F7-43F6-8DF1-066E146A8CE3}.Debug|Any CPU.ActiveCfg = Debug|Any CPU
		{13F5B808-24F7-43F6-8DF1-066E146A8CE3}.Debug|Any CPU.Build.0 = Debug|Any CPU
		{13F5B808-24F7-43F6-8DF1-066E146A8CE3}.Release|Any CPU.ActiveCfg = Release|Any CPU
		{13F5B808-24F7-43F6-8DF1-066E146A8CE3}.Release|Any CPU.Build.0 = Release|Any CPU
		{97887AFD-CDE1-4639-8489-7583A8E377BF}.Debug|Any CPU.ActiveCfg = Debug|Any CPU
		{97887AFD-CDE1-4639-8489-7583A8E377BF}.Debug|Any CPU.Build.0 = Debug|Any CPU
		{97887AFD-CDE1-4639-8489-7583A8E377BF}.Release|Any CPU.ActiveCfg = Release|Any CPU
		{97887AFD-CDE1-4639-8489-7583A8E377BF}.Release|Any CPU.Build.0 = Release|Any CPU
	EndGlobalSection
	GlobalSection(SolutionProperties) = preSolution
		HideSolutionNode = FALSE
	EndGlobalSection
	GlobalSection(NestedProjects) = preSolution
		{450C026E-019C-4A04-8476-4AF4A5A08003} = {AF2A7BBF-ADE6-469E-ACA4-502C85745D56}
		{3D0746EF-4F30-4D92-8C93-DFB8E5C1A936} = {AF2A7BBF-ADE6-469E-ACA4-502C85745D56}
		{16F129D1-D437-4A8F-9B40-8480211D42D1} = {AF2A7BBF-ADE6-469E-ACA4-502C85745D56}
		{8A3F051A-487D-4CEB-8D5E-2C08EE76C759} = {AF2A7BBF-ADE6-469E-ACA4-502C85745D56}
		{77015151-BA57-4F56-B2A8-718D72F55515} = {AF2A7BBF-ADE6-469E-ACA4-502C85745D56}
		{995E6BE3-5705-4DBE-AB58-F6C78602EA69} = {AF2A7BBF-ADE6-469E-ACA4-502C85745D56}
		{DCB52DB2-B283-414F-B2A1-E856DEFD1A6B} = {AF2A7BBF-ADE6-469E-ACA4-502C85745D56}
		{6FF8438B-99D7-42B0-843B-AA064C8E0CFC} = {AF2A7BBF-ADE6-469E-ACA4-502C85745D56}
		{2A7AD60F-9B95-431C-A2BC-AED1C63F2493} = {AF2A7BBF-ADE6-469E-ACA4-502C85745D56}
		{D59210AC-BE39-413A-AF7B-DEA11C13651C} = {AF2A7BBF-ADE6-469E-ACA4-502C85745D56}
		{C46CECDB-EC15-4D26-9F09-947B84513347} = {AF2A7BBF-ADE6-469E-ACA4-502C85745D56}
		{D4F1C909-9741-4BD0-92E4-7643EDAA545E} = {C46CECDB-EC15-4D26-9F09-947B84513347}
		{69EF48B7-93F7-4BB7-9626-5237CD530189} = {C46CECDB-EC15-4D26-9F09-947B84513347}
		{AB206D3E-A279-4190-BDC4-9587EB840096} = {C46CECDB-EC15-4D26-9F09-947B84513347}
		{8589494D-C8AA-4233-AF4C-B52C18DD1A6F} = {AF2A7BBF-ADE6-469E-ACA4-502C85745D56}
		{26750392-B0E0-407F-97F6-806169CFD26D} = {8589494D-C8AA-4233-AF4C-B52C18DD1A6F}
		{303B3660-4D3C-41D9-9271-69DDCF416F26} = {8589494D-C8AA-4233-AF4C-B52C18DD1A6F}
		{CB8BE779-17F1-4C4E-B6F8-BB3B2454D050} = {8589494D-C8AA-4233-AF4C-B52C18DD1A6F}
		{D7222EBC-D27C-4315-A1D1-0B38A155152F} = {AF2A7BBF-ADE6-469E-ACA4-502C85745D56}
		{D6E51755-CAB2-41CB-8AFE-4F6A628A7F0E} = {D7222EBC-D27C-4315-A1D1-0B38A155152F}
		{38FC5496-5AF4-4961-BF56-0E39A36D7BBE} = {D7222EBC-D27C-4315-A1D1-0B38A155152F}
		{90EC5298-8191-4D93-B09B-A57FC3EA3BEF} = {D7222EBC-D27C-4315-A1D1-0B38A155152F}
		{FF8AD379-156D-4B58-94F2-F518BD2F22AD} = {D7222EBC-D27C-4315-A1D1-0B38A155152F}
		{4B8A6CB4-40C3-417E-BC4E-214BCF75D488} = {D7222EBC-D27C-4315-A1D1-0B38A155152F}
		{6FB103BA-75B3-4D1A-A0DF-253AC0BB2651} = {D6E51755-CAB2-41CB-8AFE-4F6A628A7F0E}
		{B7D48518-26F3-45E4-8FDD-5FCD35C9C9AC} = {D6E51755-CAB2-41CB-8AFE-4F6A628A7F0E}
		{F157413B-BD0A-4BBE-9E3E-A89FC55E4EEF} = {D6E51755-CAB2-41CB-8AFE-4F6A628A7F0E}
		{4A9E69DB-0785-41B7-B1E3-DEDA0B00FBD7} = {947D71A9-C087-4AA3-BE75-765CBD00B274}
		{FF308223-0F3E-42B6-A776-3E23A0DE6799} = {947D71A9-C087-4AA3-BE75-765CBD00B274}
		{B3A8778C-99F7-4678-BBFC-19DC53361E24} = {947D71A9-C087-4AA3-BE75-765CBD00B274}
		{3ED12425-BDE8-4531-B9CF-522446C8D1DD} = {947D71A9-C087-4AA3-BE75-765CBD00B274}
		{619D5522-A63D-4F20-8B58-3C36DB32D587} = {947D71A9-C087-4AA3-BE75-765CBD00B274}
		{667F4FF3-9964-4BA2-AA21-7B66A2E42662} = {947D71A9-C087-4AA3-BE75-765CBD00B274}
		{F7FD8B23-9797-4D1A-8B60-A5A8E706AEEA} = {947D71A9-C087-4AA3-BE75-765CBD00B274}
		{477FE285-CDE8-42E2-9D2A-D4BC86BA68B2} = {947D71A9-C087-4AA3-BE75-765CBD00B274}
		{504672E9-C098-4122-B471-B3EC4D4FD21D} = {947D71A9-C087-4AA3-BE75-765CBD00B274}
		{C1546FFF-42A2-42EA-BC15-7C28A29853CE} = {947D71A9-C087-4AA3-BE75-765CBD00B274}
		{078B1A39-85F0-45CF-B7B2-9D790A2A09FF} = {947D71A9-C087-4AA3-BE75-765CBD00B274}
		{4A7E755A-D32A-43CF-9435-5E2164EC9F26} = {947D71A9-C087-4AA3-BE75-765CBD00B274}
		{FAC1708C-AE40-453F-BB21-B25445FE1573} = {947D71A9-C087-4AA3-BE75-765CBD00B274}
		{1716AFD7-522F-461F-8C41-09B2C8D14446} = {078B1A39-85F0-45CF-B7B2-9D790A2A09FF}
		{DC38CECF-50D5-4065-B707-F639E64EBC27} = {078B1A39-85F0-45CF-B7B2-9D790A2A09FF}
		{EAFC379A-6D8C-4D83-A18A-2A8D12C44CAA} = {078B1A39-85F0-45CF-B7B2-9D790A2A09FF}
		{4F2A7CD7-FDF7-49AA-A7FA-2F2AFC60CF6B} = {4A7E755A-D32A-43CF-9435-5E2164EC9F26}
		{493486E4-BBAA-43FC-B1C5-F382FE39D1DA} = {4A7E755A-D32A-43CF-9435-5E2164EC9F26}
		{7B352893-528A-44CD-94DB-934DEA118A0E} = {FAC1708C-AE40-453F-BB21-B25445FE1573}
		{6AA5C011-E72E-4545-BA7B-F7F1643072B6} = {FAC1708C-AE40-453F-BB21-B25445FE1573}
		{CE5D88B2-041F-4F32-82CA-12A9C677EDD0} = {FAC1708C-AE40-453F-BB21-B25445FE1573}
		{8815653D-7D58-4197-BD29-CE3CDFD33403} = {FAC1708C-AE40-453F-BB21-B25445FE1573}
		{122608FE-6D39-486A-A281-D1B8678F2BB6} = {FAC1708C-AE40-453F-BB21-B25445FE1573}
		{0BDA520B-BD91-49CC-90E4-864D4A6EBF10} = {122608FE-6D39-486A-A281-D1B8678F2BB6}
		{13F5B808-24F7-43F6-8DF1-066E146A8CE3} = {122608FE-6D39-486A-A281-D1B8678F2BB6}
		{97887AFD-CDE1-4639-8489-7583A8E377BF} = {122608FE-6D39-486A-A281-D1B8678F2BB6}
	EndGlobalSection
	GlobalSection(ExtensibilityGlobals) = postSolution
		SolutionGuid = {AFFA7270-0338-4409-8FF1-ED855B3D1248}
	EndGlobalSection
EndGlobal
